PODS:
  - Alamofire (5.4.1)
  - BBSwiftUIKit (0.1.0)
  - SDWebImage (5.10.2):
    - SDWebImage/Core (= 5.10.2)
  - SDWebImage/Core (5.10.2)
  - SDWebImageSwiftUI (1.5.0):
    - SDWebImage (~> 5.7)

DEPENDENCIES:
  - Alamofire
  - BBSwiftUIKit
  - SDWebImageSwiftUI

SPEC REPOS:
  trunk:
    - Alamofire
    - BBSwiftUIKit
    - SDWebImage
    - SDWebImageSwiftUI

SPEC CHECKSUMS:
  Alamofire: 2291f7d21ca607c491dd17642e5d40fdcda0e65c
  BBSwiftUIKit: 4cff8ce7d7dabaa2a161b6435323bfae9eb14fed
  SDWebImage: b969dcfc02c40a5da71eac0b03b8f1a0c794a86f
  SDWebImageSwiftUI: 43687ffe232ddd33fe0659498b7ca9884fdd6b35

PODFILE CHECKSUM: 0e83ded015152efc16232215eda6086f80c78747

COCOAPODS: 1.10.1
